
Microsoft Visual Studio Solution File, Format Version 12.00
# Visual Studio Version 16
VisualStudioVersion = 16.0.30413.136
MinimumVisualStudioVersion = 10.0.40219.1
Project("{FAE04EC0-301F-11D3-BF4B-00C04F79EFBC}") = "GerarSenhas", "GerarSenhas\GerarSenhas.csproj", "{CBCE02FA-15B0-4FF4-B9D2-CF875B0FBBF3}"
EndProject
Global
	GlobalSection(SolutionConfigurationPlatforms) = preSolution
		Debug|Any CPU = Debug|Any CPU
		Release|Any CPU = Release|Any CPU
	EndGlobalSection
	GlobalSection(ProjectConfigurationPlatforms) = postSolution
		{CBCE02FA-15B0-4FF4-B9D2-CF875B0FBBF3}.Debug|Any CPU.ActiveCfg = Debug|Any CPU
		{CBCE02FA-15B0-4FF4-B9D2-CF875B0FBBF3}.Debug|Any CPU.Build.0 = Debug|Any CPU
		{CBCE02FA-15B0-4FF4-B9D2-CF875B0FBBF3}.Release|Any CPU.ActiveCfg = Release|Any CPU
		{CBCE02FA-15B0-4FF4-B9D2-CF875B0FBBF3}.Release|Any CPU.Build.0 = Release|Any CPU
	EndGlobalSection
	GlobalSection(SolutionProperties) = preSolution
		HideSolutionNode = FALSE
	EndGlobalSection
	GlobalSection(ExtensibilityGlobals) = postSolution
		SolutionGuid = {F869FDCA-EE65-42B0-A1CF-48683ABF92DB}
	EndGlobalSection
EndGlobal
